// !$*UTF8*$!
{
	archiveVersion = 1;
	classes = {
	};
	objectVersion = 50;
	objects = {

/* Begin PBXBuildFile section */
		9BB51873240D76C000EF4601 /* Pokemon.swift in Sources */ = {isa = PBXBuildFile; fileRef = 9BB51872240D76C000EF4601 /* Pokemon.swift */; };
		9BB51875240D77FE00EF4601 /* PokemonList.swift in Sources */ = {isa = PBXBuildFile; fileRef = 9BB51874240D77FE00EF4601 /* PokemonList.swift */; };
		9BB51878240D793300EF4601 /* SourceDataManager.swift in Sources */ = {isa = PBXBuildFile; fileRef = 9BB51877240D793300EF4601 /* SourceDataManager.swift */; };
		9BB5187A240D841500EF4601 /* MortyPerson.swift in Sources */ = {isa = PBXBuildFile; fileRef = 9BB51879240D841500EF4601 /* MortyPerson.swift */; };
		9BB5187C240D84A800EF4601 /* MortyPersonList.swift in Sources */ = {isa = PBXBuildFile; fileRef = 9BB5187B240D84A800EF4601 /* MortyPersonList.swift */; };
		9BB844A5240D1F62002CDA62 /* DataProtocol.swift in Sources */ = {isa = PBXBuildFile; fileRef = 9BB844A4240D1F62002CDA62 /* DataProtocol.swift */; };
		9BB844A8240D3C9F002CDA62 /* DataViewCell.swift in Sources */ = {isa = PBXBuildFile; fileRef = 9BB844A7240D3C9F002CDA62 /* DataViewCell.swift */; };
		9BB844AA240D493C002CDA62 /* ListProtocol.swift in Sources */ = {isa = PBXBuildFile; fileRef = 9BB844A9240D493C002CDA62 /* ListProtocol.swift */; };
		9BB844AC240D4A63002CDA62 /* Dish.swift in Sources */ = {isa = PBXBuildFile; fileRef = 9BB844AB240D4A63002CDA62 /* Dish.swift */; };
		9BB844AE240D4B24002CDA62 /* DishList.swift in Sources */ = {isa = PBXBuildFile; fileRef = 9BB844AD240D4B24002CDA62 /* DishList.swift */; };
		9BB844B0240D4BCC002CDA62 /* Source.swift in Sources */ = {isa = PBXBuildFile; fileRef = 9BB844AF240D4BCC002CDA62 /* Source.swift */; };
		9BF988C5240D0F80001EA1E7 /* AppDelegate.swift in Sources */ = {isa = PBXBuildFile; fileRef = 9BF988C4240D0F80001EA1E7 /* AppDelegate.swift */; };
		9BF988C7240D0F80001EA1E7 /* SceneDelegate.swift in Sources */ = {isa = PBXBuildFile; fileRef = 9BF988C6240D0F80001EA1E7 /* SceneDelegate.swift */; };
		9BF988C9240D0F80001EA1E7 /* MainViewController.swift in Sources */ = {isa = PBXBuildFile; fileRef = 9BF988C8240D0F80001EA1E7 /* MainViewController.swift */; };
		9BF988CC240D0F80001EA1E7 /* Main.storyboard in Resources */ = {isa = PBXBuildFile; fileRef = 9BF988CA240D0F80001EA1E7 /* Main.storyboard */; };
		9BF988CE240D0F87001EA1E7 /* Assets.xcassets in Resources */ = {isa = PBXBuildFile; fileRef = 9BF988CD240D0F87001EA1E7 /* Assets.xcassets */; };
		9BF988D1240D0F87001EA1E7 /* LaunchScreen.storyboard in Resources */ = {isa = PBXBuildFile; fileRef = 9BF988CF240D0F87001EA1E7 /* LaunchScreen.storyboard */; };
		9BF988DC240D109E001EA1E7 /* Сocktail.swift in Sources */ = {isa = PBXBuildFile; fileRef = 9BF988DB240D109E001EA1E7 /* Сocktail.swift */; };
		9BF988DE240D113B001EA1E7 /* DataViewController.swift in Sources */ = {isa = PBXBuildFile; fileRef = 9BF988DD240D113B001EA1E7 /* DataViewController.swift */; };
		9BF988E0240D11A8001EA1E7 /* CocktailList.swift in Sources */ = {isa = PBXBuildFile; fileRef = 9BF988DF240D11A8001EA1E7 /* CocktailList.swift */; };
/* End PBXBuildFile section */

/* Begin PBXFileReference section */
		9BB51872240D76C000EF4601 /* Pokemon.swift */ = {isa = PBXFileReference; lastKnownFileType = sourcecode.swift; path = Pokemon.swift; sourceTree = "<group>"; };
		9BB51874240D77FE00EF4601 /* PokemonList.swift */ = {isa = PBXFileReference; lastKnownFileType = sourcecode.swift; path = PokemonList.swift; sourceTree = "<group>"; };
		9BB51877240D793300EF4601 /* SourceDataManager.swift */ = {isa = PBXFileReference; lastKnownFileType = sourcecode.swift; path = SourceDataManager.swift; sourceTree = "<group>"; };
		9BB51879240D841500EF4601 /* MortyPerson.swift */ = {isa = PBXFileReference; lastKnownFileType = sourcecode.swift; path = MortyPerson.swift; sourceTree = "<group>"; };
		9BB5187B240D84A800EF4601 /* MortyPersonList.swift */ = {isa = PBXFileReference; lastKnownFileType = sourcecode.swift; path = MortyPersonList.swift; sourceTree = "<group>"; };
		9BB844A4240D1F62002CDA62 /* DataProtocol.swift */ = {isa = PBXFileReference; lastKnownFileType = sourcecode.swift; path = DataProtocol.swift; sourceTree = "<group>"; };
		9BB844A7240D3C9F002CDA62 /* DataViewCell.swift */ = {isa = PBXFileReference; lastKnownFileType = sourcecode.swift; path = DataViewCell.swift; sourceTree = "<group>"; };
		9BB844A9240D493C002CDA62 /* ListProtocol.swift */ = {isa = PBXFileReference; lastKnownFileType = sourcecode.swift; path = ListProtocol.swift; sourceTree = "<group>"; };
		9BB844AB240D4A63002CDA62 /* Dish.swift */ = {isa = PBXFileReference; lastKnownFileType = sourcecode.swift; path = Dish.swift; sourceTree = "<group>"; };
		9BB844AD240D4B24002CDA62 /* DishList.swift */ = {isa = PBXFileReference; lastKnownFileType = sourcecode.swift; path = DishList.swift; sourceTree = "<group>"; };
		9BB844AF240D4BCC002CDA62 /* Source.swift */ = {isa = PBXFileReference; lastKnownFileType = sourcecode.swift; path = Source.swift; sourceTree = "<group>"; };
		9BF988C1240D0F80001EA1E7 /* HW2.10.app */ = {isa = PBXFileReference; explicitFileType = wrapper.application; includeInIndex = 0; path = HW2.10.app; sourceTree = BUILT_PRODUCTS_DIR; };
		9BF988C4240D0F80001EA1E7 /* AppDelegate.swift */ = {isa = PBXFileReference; lastKnownFileType = sourcecode.swift; path = AppDelegate.swift; sourceTree = "<group>"; };
		9BF988C6240D0F80001EA1E7 /* SceneDelegate.swift */ = {isa = PBXFileReference; lastKnownFileType = sourcecode.swift; path = SceneDelegate.swift; sourceTree = "<group>"; };
		9BF988C8240D0F80001EA1E7 /* MainViewController.swift */ = {isa = PBXFileReference; lastKnownFileType = sourcecode.swift; path = MainViewController.swift; sourceTree = "<group>"; };
		9BF988CB240D0F80001EA1E7 /* Base */ = {isa = PBXFileReference; lastKnownFileType = file.storyboard; name = Base; path = Base.lproj/Main.storyboard; sourceTree = "<group>"; };
		9BF988CD240D0F87001EA1E7 /* Assets.xcassets */ = {isa = PBXFileReference; lastKnownFileType = folder.assetcatalog; path = Assets.xcassets; sourceTree = "<group>"; };
		9BF988D0240D0F87001EA1E7 /* Base */ = {isa = PBXFileReference; lastKnownFileType = file.storyboard; name = Base; path = Base.lproj/LaunchScreen.storyboard; sourceTree = "<group>"; };
		9BF988D2240D0F87001EA1E7 /* Info.plist */ = {isa = PBXFileReference; lastKnownFileType = text.plist.xml; path = Info.plist; sourceTree = "<group>"; };
		9BF988DB240D109E001EA1E7 /* Сocktail.swift */ = {isa = PBXFileReference; lastKnownFileType = sourcecode.swift; path = "Сocktail.swift"; sourceTree = "<group>"; };
		9BF988DD240D113B001EA1E7 /* DataViewController.swift */ = {isa = PBXFileReference; lastKnownFileType = sourcecode.swift; path = DataViewController.swift; sourceTree = "<group>"; };
		9BF988DF240D11A8001EA1E7 /* CocktailList.swift */ = {isa = PBXFileReference; lastKnownFileType = sourcecode.swift; path = CocktailList.swift; sourceTree = "<group>"; };
/* End PBXFileReference section */

/* Begin PBXFrameworksBuildPhase section */
		9BF988BE240D0F80001EA1E7 /* Frameworks */ = {
			isa = PBXFrameworksBuildPhase;
			buildActionMask = 2147483647;
			files = (
			);
			runOnlyForDeploymentPostprocessing = 0;
		};
/* End PBXFrameworksBuildPhase section */

/* Begin PBXGroup section */
		9BB51876240D791A00EF4601 /* DataManagers */ = {
			isa = PBXGroup;
			children = (
				9BB51877240D793300EF4601 /* SourceDataManager.swift */,
			);
			path = DataManagers;
			sourceTree = "<group>";
		};
		9BB844A3240D1E85002CDA62 /* Protocols */ = {
			isa = PBXGroup;
			children = (
				9BB844A4240D1F62002CDA62 /* DataProtocol.swift */,
				9BB844A9240D493C002CDA62 /* ListProtocol.swift */,
			);
			path = Protocols;
			sourceTree = "<group>";
		};
		9BB844A6240D3C74002CDA62 /* ViewCells */ = {
			isa = PBXGroup;
			children = (
				9BB844A7240D3C9F002CDA62 /* DataViewCell.swift */,
			);
			path = ViewCells;
			sourceTree = "<group>";
		};
		9BF988B8240D0F7F001EA1E7 = {
			isa = PBXGroup;
			children = (
				9BF988C3240D0F80001EA1E7 /* HW2.10 */,
				9BF988C2240D0F80001EA1E7 /* Products */,
			);
			sourceTree = "<group>";
		};
		9BF988C2240D0F80001EA1E7 /* Products */ = {
			isa = PBXGroup;
			children = (
				9BF988C1240D0F80001EA1E7 /* HW2.10.app */,
			);
			name = Products;
			sourceTree = "<group>";
		};
		9BF988C3240D0F80001EA1E7 /* HW2.10 */ = {
			isa = PBXGroup;
			children = (
				9BB51876240D791A00EF4601 /* DataManagers */,
				9BB844A3240D1E85002CDA62 /* Protocols */,
				9BF988DA240D0FBC001EA1E7 /* Models */,
				9BB844A6240D3C74002CDA62 /* ViewCells */,
				9BF988D9240D0FB3001EA1E7 /* ViewControllers */,
				9BF988D8240D0FA6001EA1E7 /* Storyboards */,
				9BF988C4240D0F80001EA1E7 /* AppDelegate.swift */,
				9BF988C6240D0F80001EA1E7 /* SceneDelegate.swift */,
				9BF988CD240D0F87001EA1E7 /* Assets.xcassets */,
				9BF988D2240D0F87001EA1E7 /* Info.plist */,
			);
			path = HW2.10;
			sourceTree = "<group>";
		};
		9BF988D8240D0FA6001EA1E7 /* Storyboards */ = {
			isa = PBXGroup;
			children = (
				9BF988CA240D0F80001EA1E7 /* Main.storyboard */,
				9BF988CF240D0F87001EA1E7 /* LaunchScreen.storyboard */,
			);
			path = Storyboards;
			sourceTree = "<group>";
		};
		9BF988D9240D0FB3001EA1E7 /* ViewControllers */ = {
			isa = PBXGroup;
			children = (
				9BF988C8240D0F80001EA1E7 /* MainViewController.swift */,
				9BF988DD240D113B001EA1E7 /* DataViewController.swift */,
			);
			path = ViewControllers;
			sourceTree = "<group>";
		};
		9BF988DA240D0FBC001EA1E7 /* Models */ = {
			isa = PBXGroup;
			children = (
				9BB844AF240D4BCC002CDA62 /* Source.swift */,
				9BF988DB240D109E001EA1E7 /* Сocktail.swift */,
				9BF988DF240D11A8001EA1E7 /* CocktailList.swift */,
				9BB844AB240D4A63002CDA62 /* Dish.swift */,
				9BB844AD240D4B24002CDA62 /* DishList.swift */,
				9BB51872240D76C000EF4601 /* Pokemon.swift */,
				9BB51874240D77FE00EF4601 /* PokemonList.swift */,
				9BB51879240D841500EF4601 /* MortyPerson.swift */,
				9BB5187B240D84A800EF4601 /* MortyPersonList.swift */,
			);
			path = Models;
			sourceTree = "<group>";
		};
/* End PBXGroup section */

/* Begin PBXNativeTarget section */
		9BF988C0240D0F80001EA1E7 /* HW2.10 */ = {
			isa = PBXNativeTarget;
			buildConfigurationList = 9BF988D5240D0F87001EA1E7 /* Build configuration list for PBXNativeTarget "HW2.10" */;
			buildPhases = (
				9BF988BD240D0F80001EA1E7 /* Sources */,
				9BF988BE240D0F80001EA1E7 /* Frameworks */,
				9BF988BF240D0F80001EA1E7 /* Resources */,
			);
			buildRules = (
			);
			dependencies = (
			);
			name = HW2.10;
			productName = HW2.10;
			productReference = 9BF988C1240D0F80001EA1E7 /* HW2.10.app */;
			productType = "com.apple.product-type.application";
		};
/* End PBXNativeTarget section */

/* Begin PBXProject section */
		9BF988B9240D0F7F001EA1E7 /* Project object */ = {
			isa = PBXProject;
			attributes = {
				LastSwiftUpdateCheck = 1120;
				LastUpgradeCheck = 1120;
				ORGANIZATIONNAME = "Алексей Маслобоев";
				TargetAttributes = {
					9BF988C0240D0F80001EA1E7 = {
						CreatedOnToolsVersion = 11.2.1;
					};
				};
			};
			buildConfigurationList = 9BF988BC240D0F7F001EA1E7 /* Build configuration list for PBXProject "HW2.10" */;
			compatibilityVersion = "Xcode 9.3";
			developmentRegion = en;
			hasScannedForEncodings = 0;
			knownRegions = (
				en,
				Base,
			);
			mainGroup = 9BF988B8240D0F7F001EA1E7;
			productRefGroup = 9BF988C2240D0F80001EA1E7 /* Products */;
			projectDirPath = "";
			projectRoot = "";
			targets = (
				9BF988C0240D0F80001EA1E7 /* HW2.10 */,
			);
		};
/* End PBXProject section */

/* Begin PBXResourcesBuildPhase section */
		9BF988BF240D0F80001EA1E7 /* Resources */ = {
			isa = PBXResourcesBuildPhase;
			buildActionMask = 2147483647;
			files = (
				9BF988D1240D0F87001EA1E7 /* LaunchScreen.storyboard in Resources */,
				9BF988CE240D0F87001EA1E7 /* Assets.xcassets in Resources */,
				9BF988CC240D0F80001EA1E7 /* Main.storyboard in Resources */,
			);
			runOnlyForDeploymentPostprocessing = 0;
		};
/* End PBXResourcesBuildPhase section */

/* Begin PBXSourcesBuildPhase section */
		9BF988BD240D0F80001EA1E7 /* Sources */ = {
			isa = PBXSourcesBuildPhase;
			buildActionMask = 2147483647;
			files = (
				9BB844AA240D493C002CDA62 /* ListProtocol.swift in Sources */,
				9BB5187A240D841500EF4601 /* MortyPerson.swift in Sources */,
				9BB844AC240D4A63002CDA62 /* Dish.swift in Sources */,
				9BF988C9240D0F80001EA1E7 /* MainViewController.swift in Sources */,
				9BB51878240D793300EF4601 /* SourceDataManager.swift in Sources */,
				9BB5187C240D84A800EF4601 /* MortyPersonList.swift in Sources */,
				9BF988DC240D109E001EA1E7 /* Сocktail.swift in Sources */,
				9BB844A8240D3C9F002CDA62 /* DataViewCell.swift in Sources */,
				9BF988DE240D113B001EA1E7 /* DataViewController.swift in Sources */,
				9BB844AE240D4B24002CDA62 /* DishList.swift in Sources */,
				9BF988E0240D11A8001EA1E7 /* CocktailList.swift in Sources */,
				9BB844B0240D4BCC002CDA62 /* Source.swift in Sources */,
				9BB51873240D76C000EF4601 /* Pokemon.swift in Sources */,
				9BF988C5240D0F80001EA1E7 /* AppDelegate.swift in Sources */,
				9BB51875240D77FE00EF4601 /* PokemonList.swift in Sources */,
				9BB844A5240D1F62002CDA62 /* DataProtocol.swift in Sources */,
				9BF988C7240D0F80001EA1E7 /* SceneDelegate.swift in Sources */,
			);
			runOnlyForDeploymentPostprocessing = 0;
		};
/* End PBXSourcesBuildPhase section */

/* Begin PBXVariantGroup section */
		9BF988CA240D0F80001EA1E7 /* Main.storyboard */ = {
			isa = PBXVariantGroup;
			children = (
				9BF988CB240D0F80001EA1E7 /* Base */,
			);
			name = Main.storyboard;
			sourceTree = "<group>";
		};
		9BF988CF240D0F87001EA1E7 /* LaunchScreen.storyboard */ = {
			isa = PBXVariantGroup;
			children = (
				9BF988D0240D0F87001EA1E7 /* Base */,
			);
			name = LaunchScreen.storyboard;
			sourceTree = "<group>";
		};
/* End PBXVariantGroup section */

/* Begin XCBuildConfiguration section */
		9BF988D3240D0F87001EA1E7 /* Debug */ = {
			isa = XCBuildConfiguration;
			buildSettings = {
				ALWAYS_SEARCH_USER_PATHS = NO;
				CLANG_ANALYZER_NONNULL = YES;
				CLANG_ANALYZER_NUMBER_OBJECT_CONVERSION = YES_AGGRESSIVE;
				CLANG_CXX_LANGUAGE_STANDARD = "gnu++14";
				CLANG_CXX_LIBRARY = "libc++";
				CLANG_ENABLE_MODULES = YES;
				CLANG_ENABLE_OBJC_ARC = YES;
				CLANG_ENABLE_OBJC_WEAK = YES;
				CLANG_WARN_BLOCK_CAPTURE_AUTORELEASING = YES;
				CLANG_WARN_BOOL_CONVERSION = YES;
				CLANG_WARN_COMMA = YES;
				CLANG_WARN_CONSTANT_CONVERSION = YES;
				CLANG_WARN_DEPRECATED_OBJC_IMPLEMENTATIONS = YES;
				CLANG_WARN_DIRECT_OBJC_ISA_USAGE = YES_ERROR;
				CLANG_WARN_DOCUMENTATION_COMMENTS = YES;
				CLANG_WARN_EMPTY_BODY = YES;
				CLANG_WARN_ENUM_CONVERSION = YES;
				CLANG_WARN_INFINITE_RECURSION = YES;
				CLANG_WARN_INT_CONVERSION = YES;
				CLANG_WARN_NON_LITERAL_NULL_CONVERSION = YES;
				CLANG_WARN_OBJC_IMPLICIT_RETAIN_SELF = YES;
				CLANG_WARN_OBJC_LITERAL_CONVERSION = YES;
				CLANG_WARN_OBJC_ROOT_CLASS = YES_ERROR;
				CLANG_WARN_RANGE_LOOP_ANALYSIS = YES;
				CLANG_WARN_STRICT_PROTOTYPES = YES;
				CLANG_WARN_SUSPICIOUS_MOVE = YES;
				CLANG_WARN_UNGUARDED_AVAILABILITY = YES_AGGRESSIVE;
				CLANG_WARN_UNREACHABLE_CODE = YES;
				CLANG_WARN__DUPLICATE_METHOD_MATCH = YES;
				COPY_PHASE_STRIP = NO;
				DEBUG_INFORMATION_FORMAT = dwarf;
				ENABLE_STRICT_OBJC_MSGSEND = YES;
				ENABLE_TESTABILITY = YES;
				GCC_C_LANGUAGE_STANDARD = gnu11;
				GCC_DYNAMIC_NO_PIC = NO;
				GCC_NO_COMMON_BLOCKS = YES;
				GCC_OPTIMIZATION_LEVEL = 0;
				GCC_PREPROCESSOR_DEFINITIONS = (
					"DEBUG=1",
					"$(inherited)",
				);
				GCC_WARN_64_TO_32_BIT_CONVERSION = YES;
				GCC_WARN_ABOUT_RETURN_TYPE = YES_ERROR;
				GCC_WARN_UNDECLARED_SELECTOR = YES;
				GCC_WARN_UNINITIALIZED_AUTOS = YES_AGGRESSIVE;
				GCC_WARN_UNUSED_FUNCTION = YES;
				GCC_WARN_UNUSED_VARIABLE = YES;
				IPHONEOS_DEPLOYMENT_TARGET = 13.2;
				MTL_ENABLE_DEBUG_INFO = INCLUDE_SOURCE;
				MTL_FAST_MATH = YES;
				ONLY_ACTIVE_ARCH = YES;
				SDKROOT = iphoneos;
				SWIFT_ACTIVE_COMPILATION_CONDITIONS = DEBUG;
				SWIFT_OPTIMIZATION_LEVEL = "-Onone";
			};
			name = Debug;
		};
		9BF988D4240D0F87001EA1E7 /* Release */ = {
			isa = XCBuildConfiguration;
			buildSettings = {
				ALWAYS_SEARCH_USER_PATHS = NO;
				CLANG_ANALYZER_NONNULL = YES;
				CLANG_ANALYZER_NUMBER_OBJECT_CONVERSION = YES_AGGRESSIVE;
				CLANG_CXX_LANGUAGE_STANDARD = "gnu++14";
				CLANG_CXX_LIBRARY = "libc++";
				CLANG_ENABLE_MODULES = YES;
				CLANG_ENABLE_OBJC_ARC = YES;
				CLANG_ENABLE_OBJC_WEAK = YES;
				CLANG_WARN_BLOCK_CAPTURE_AUTORELEASING = YES;
				CLANG_WARN_BOOL_CONVERSION = YES;
				CLANG_WARN_COMMA = YES;
				CLANG_WARN_CONSTANT_CONVERSION = YES;
				CLANG_WARN_DEPRECATED_OBJC_IMPLEMENTATIONS = YES;
				CLANG_WARN_DIRECT_OBJC_ISA_USAGE = YES_ERROR;
				CLANG_WARN_DOCUMENTATION_COMMENTS = YES;
				CLANG_WARN_EMPTY_BODY = YES;
				CLANG_WARN_ENUM_CONVERSION = YES;
				CLANG_WARN_INFINITE_RECURSION = YES;
				CLANG_WARN_INT_CONVERSION = YES;
				CLANG_WARN_NON_LITERAL_NULL_CONVERSION = YES;
				CLANG_WARN_OBJC_IMPLICIT_RETAIN_SELF = YES;
				CLANG_WARN_OBJC_LITERAL_CONVERSION = YES;
				CLANG_WARN_OBJC_ROOT_CLASS = YES_ERROR;
				CLANG_WARN_RANGE_LOOP_ANALYSIS = YES;
				CLANG_WARN_STRICT_PROTOTYPES = YES;
				CLANG_WARN_SUSPICIOUS_MOVE = YES;
				CLANG_WARN_UNGUARDED_AVAILABILITY = YES_AGGRESSIVE;
				CLANG_WARN_UNREACHABLE_CODE = YES;
				CLANG_WARN__DUPLICATE_METHOD_MATCH = YES;
				COPY_PHASE_STRIP = NO;
				DEBUG_INFORMATION_FORMAT = "dwarf-with-dsym";
				ENABLE_NS_ASSERTIONS = NO;
				ENABLE_STRICT_OBJC_MSGSEND = YES;
				GCC_C_LANGUAGE_STANDARD = gnu11;
				GCC_NO_COMMON_BLOCKS = YES;
				GCC_WARN_64_TO_32_BIT_CONVERSION = YES;
				GCC_WARN_ABOUT_RETURN_TYPE = YES_ERROR;
				GCC_WARN_UNDECLARED_SELECTOR = YES;
				GCC_WARN_UNINITIALIZED_AUTOS = YES_AGGRESSIVE;
				GCC_WARN_UNUSED_FUNCTION = YES;
				GCC_WARN_UNUSED_VARIABLE = YES;
				IPHONEOS_DEPLOYMENT_TARGET = 13.2;
				MTL_ENABLE_DEBUG_INFO = NO;
				MTL_FAST_MATH = YES;
				SDKROOT = iphoneos;
				SWIFT_COMPILATION_MODE = wholemodule;
				SWIFT_OPTIMIZATION_LEVEL = "-O";
				VALIDATE_PRODUCT = YES;
			};
			name = Release;
		};
		9BF988D6240D0F87001EA1E7 /* Debug */ = {
			isa = XCBuildConfiguration;
			buildSettings = {
				ASSETCATALOG_COMPILER_APPICON_NAME = AppIcon;
				CODE_SIGN_STYLE = Automatic;
				INFOPLIST_FILE = HW2.10/Info.plist;
				LD_RUNPATH_SEARCH_PATHS = (
					"$(inherited)",
					"@executable_path/Frameworks",
				);
				PRODUCT_BUNDLE_IDENTIFIER = "ru.smartdragon.HW2-10";
				PRODUCT_NAME = "$(TARGET_NAME)";
				SWIFT_VERSION = 5.0;
				TARGETED_DEVICE_FAMILY = 1;
			};
			name = Debug;
		};
		9BF988D7240D0F87001EA1E7 /* Release */ = {
			isa = XCBuildConfiguration;
			buildSettings = {
				ASSETCATALOG_COMPILER_APPICON_NAME = AppIcon;
				CODE_SIGN_STYLE = Automatic;
				INFOPLIST_FILE = HW2.10/Info.plist;
				LD_RUNPATH_SEARCH_PATHS = (
					"$(inherited)",
					"@executable_path/Frameworks",
				);
				PRODUCT_BUNDLE_IDENTIFIER = "ru.smartdragon.HW2-10";
				PRODUCT_NAME = "$(TARGET_NAME)";
				SWIFT_VERSION = 5.0;
				TARGETED_DEVICE_FAMILY = 1;
			};
			name = Release;
		};
/* End XCBuildConfiguration section */

/* Begin XCConfigurationList section */
		9BF988BC240D0F7F001EA1E7 /* Build configuration list for PBXProject "HW2.10" */ = {
			isa = XCConfigurationList;
			buildConfigurations = (
				9BF988D3240D0F87001EA1E7 /* Debug */,
				9BF988D4240D0F87001EA1E7 /* Release */,
			);
			defaultConfigurationIsVisible = 0;
			defaultConfigurationName = Release;
		};
		9BF988D5240D0F87001EA1E7 /* Build configuration list for PBXNativeTarget "HW2.10" */ = {
			isa = XCConfigurationList;
			buildConfigurations = (
				9BF988D6240D0F87001EA1E7 /* Debug */,
				9BF988D7240D0F87001EA1E7 /* Release */,
			);
			defaultConfigurationIsVisible = 0;
			defaultConfigurationName = Release;
		};
/* End XCConfigurationList section */
	};
	rootObject = 9BF988B9240D0F7F001EA1E7 /* Project object */;
}
